<?xml version="1.0" encoding="utf-8"?>
<Project ToolsVersion="4.0" xmlns="http://schemas.microsoft.com/developer/msbuild/2003">
  <ItemGroup>
    <Filter Include="ソース ファイル">
      <UniqueIdentifier>{4FC737F1-C7A5-4376-A066-2A32D752A2FF}</UniqueIdentifier>
      <Extensions>cpp;c;cc;cxx;c++;cppm;ixx;def;odl;idl;hpj;bat;asm;asmx</Extensions>
    </Filter>
    <Filter Include="ヘッダー ファイル">
      <UniqueIdentifier>{93995380-89BD-4b04-88EB-625FBE52EBFB}</UniqueIdentifier>
      <Extensions>h;hh;hpp;hxx;h++;hm;inl;inc;ipp;xsd</Extensions>
    </Filter>
    <Filter Include="リソース ファイル">
      <UniqueIdentifier>{67DA6AB6-F800-4c08-8B7A-83BB121AAD01}</UniqueIdentifier>
      <Extensions>rc;ico;cur;bmp;dlg;rc2;rct;bin;rgs;gif;jpg;jpeg;jpe;resx;tiff;tif;png;wav;mfcribbon-ms</Extensions>
    </Filter>
    <Filter Include="ソース ファイル\Type">
      <UniqueIdentifier>{44b14bf2-fc18-494c-9f35-7afcfcaa84ce}</UniqueIdentifier>
    </Filter>
    <Filter Include="ソース ファイル\Dase">
      <UniqueIdentifier>{e43ab90e-3eee-4edb-85be-810d1964ba07}</UniqueIdentifier>
    </Filter>
    <Filter Include="ヘッダー ファイル\Type">
      <UniqueIdentifier>{920365f2-eadd-4881-a694-0b69cb1afb1e}</UniqueIdentifier>
    </Filter>
    <Filter Include="ヘッダー ファイル\Dase">
      <UniqueIdentifier>{10de9f61-345b-4b01-bae2-c837405a2ee6}</UniqueIdentifier>
    </Filter>
    <Filter Include="ソース ファイル\math">
      <UniqueIdentifier>{e6d4ccd5-453e-4f44-8613-1c3aa0458652}</UniqueIdentifier>
    </Filter>
    <Filter Include="ヘッダー ファイル\math">
      <UniqueIdentifier>{ca65eeff-edec-4dc9-8106-08555d1fd65f}</UniqueIdentifier>
    </Filter>
    <Filter Include="imgui">
      <UniqueIdentifier>{44fc5705-4679-434c-8a09-a44ecdf6f50f}</UniqueIdentifier>
    </Filter>
  </ItemGroup>
  <ItemGroup>
    <ClCompile Include="main.cpp">
      <Filter>ソース ファイル</Filter>
    </ClCompile>
    <ClCompile Include="Myclass\math\Math.cpp">
      <Filter>ソース ファイル\math</Filter>
    </ClCompile>
    <ClCompile Include="Myclass\dase\Dxcommen.cpp">
      <Filter>ソース ファイル\Dase</Filter>
    </ClCompile>
    <ClCompile Include="Myclass\dase\WinApp.cpp">
      <Filter>ソース ファイル\Dase</Filter>
    </ClCompile>
    <ClCompile Include="Myclass\type\Polygon.cpp">
      <Filter>ソース ファイル\Type</Filter>
    </ClCompile>
    <ClCompile Include="externals\imgui\imgui.cpp">
      <Filter>imgui</Filter>
    </ClCompile>
    <ClCompile Include="externals\imgui\imgui_demo.cpp">
      <Filter>imgui</Filter>
    </ClCompile>
    <ClCompile Include="externals\imgui\imgui_draw.cpp">
      <Filter>imgui</Filter>
    </ClCompile>
    <ClCompile Include="externals\imgui\imgui_impl_dx12.cpp">
      <Filter>imgui</Filter>
    </ClCompile>
    <ClCompile Include="externals\imgui\imgui_impl_win32.cpp">
      <Filter>imgui</Filter>
    </ClCompile>
    <ClCompile Include="externals\imgui\imgui_tables.cpp">
      <Filter>imgui</Filter>
    </ClCompile>
    <ClCompile Include="externals\imgui\imgui_widgets.cpp">
      <Filter>imgui</Filter>
    </ClCompile>
  </ItemGroup>
  <ItemGroup>
    <Text Include=".editorconfig">
      <Filter>ソース ファイル</Filter>
    </Text>
    <Text Include="externals\imgui\LICENSE.txt">
      <Filter>imgui</Filter>
    </Text>
  </ItemGroup>
  <ItemGroup>
    <FxCompile Include="Obiject3d.VS.hlsl" />
    <FxCompile Include="Odject3d.PS.hlsl" />
  </ItemGroup>
  <ItemGroup>
    <ClInclude Include="Myclass\math\mathStrt.h">
      <Filter>ヘッダー ファイル\math</Filter>
    </ClInclude>
    <ClInclude Include="Myclass\dase\WinApp.h">
      <Filter>ヘッダー ファイル\Dase</Filter>
    </ClInclude>
    <ClInclude Include="Myclass\dase\Dxcommen.h">
      <Filter>ヘッダー ファイル\Dase</Filter>
    </ClInclude>
    <ClInclude Include="Myclass\type\Polygon.h">
      <Filter>ヘッダー ファイル\Type</Filter>
    </ClInclude>
    <ClInclude Include="externals\imgui\imconfig.h">
      <Filter>imgui</Filter>
    </ClInclude>
    <ClInclude Include="externals\imgui\imgui.h">
      <Filter>imgui</Filter>
    </ClInclude>
    <ClInclude Include="externals\imgui\imgui_impl_dx12.h">
      <Filter>imgui</Filter>
    </ClInclude>
    <ClInclude Include="externals\imgui\imgui_impl_win32.h">
      <Filter>imgui</Filter>
    </ClInclude>
    <ClInclude Include="externals\imgui\imgui_internal.h">
      <Filter>imgui</Filter>
    </ClInclude>
    <ClInclude Include="externals\imgui\imstb_rectpack.h">
      <Filter>imgui</Filter>
    </ClInclude>
    <ClInclude Include="externals\imgui\imstb_textedit.h">
      <Filter>imgui</Filter>
    </ClInclude>
    <ClInclude Include="externals\imgui\imstb_truetype.h">
      <Filter>imgui</Filter>
    </ClInclude>
  </ItemGroup>
</Project>