<?xml version="1.0" encoding="utf-8"?>
<Project ToolsVersion="4.0" xmlns="http://schemas.microsoft.com/developer/msbuild/2003">
  <ItemGroup>
    <Filter Include="ソース ファイル">
      <UniqueIdentifier>{4FC737F1-C7A5-4376-A066-2A32D752A2FF}</UniqueIdentifier>
      <Extensions>cpp;c;cc;cxx;c++;cppm;ixx;def;odl;idl;hpj;bat;asm;asmx</Extensions>
    </Filter>
    <Filter Include="ヘッダー ファイル">
      <UniqueIdentifier>{93995380-89BD-4b04-88EB-625FBE52EBFB}</UniqueIdentifier>
      <Extensions>h;hh;hpp;hxx;h++;hm;inl;inc;ipp;xsd</Extensions>
    </Filter>
    <Filter Include="DKJEN">
      <UniqueIdentifier>{c9afca65-667e-47ce-850b-acabeb77ecee}</UniqueIdentifier>
    </Filter>
    <Filter Include="DKJEN\Base">
      <UniqueIdentifier>{1969ba23-81e6-45af-a12f-a81c1e425c9f}</UniqueIdentifier>
    </Filter>
    <Filter Include="DKJEN\Base\Dx">
      <UniqueIdentifier>{93b536b2-f4db-4348-8e43-861c34404579}</UniqueIdentifier>
    </Filter>
    <Filter Include="DKJEN\Base\Log">
      <UniqueIdentifier>{7a14829a-20ac-4d1b-aa4e-a16fd6648eed}</UniqueIdentifier>
    </Filter>
    <Filter Include="DKJEN\Base\Win">
      <UniqueIdentifier>{4deedf8b-5f19-43e1-8828-390406ee1302}</UniqueIdentifier>
    </Filter>
    <Filter Include="DKJEN\Math">
      <UniqueIdentifier>{6d6c5c32-03c9-4aac-b2e7-1e79b92d4058}</UniqueIdentifier>
    </Filter>
    <Filter Include="DKJEN\Type">
      <UniqueIdentifier>{b064972e-6dec-4ef2-91d5-edda52cddd75}</UniqueIdentifier>
    </Filter>
    <Filter Include="DKJEN\Base\PSO">
      <UniqueIdentifier>{9abaec95-9284-419e-8f1b-d103e9a9e6c0}</UniqueIdentifier>
    </Filter>
    <Filter Include="imgui">
      <UniqueIdentifier>{e210cbb9-210c-498f-9682-2e37b8a87ba5}</UniqueIdentifier>
    </Filter>
    <Filter Include="DKJEN\Imgui">
      <UniqueIdentifier>{7bed791a-69a4-45c4-8dba-ac37d078ff69}</UniqueIdentifier>
    </Filter>
    <Filter Include="hlsl">
      <UniqueIdentifier>{67DA6AB6-F800-4c08-8B7A-83BB121AAD01}</UniqueIdentifier>
      <Extensions>rc;ico;cur;bmp;dlg;rc2;rct;bin;rgs;gif;jpg;jpeg;jpe;resx;tiff;tif;png;wav;mfcribbon-ms</Extensions>
    </Filter>
    <Filter Include="避難所">
      <UniqueIdentifier>{104d226b-33f2-49c5-8c8b-b477606d7229}</UniqueIdentifier>
    </Filter>
    <Filter Include="DKJEN\Base\RoadTex">
      <UniqueIdentifier>{362ce2bb-0203-4a58-8e85-a2ab54036e7c}</UniqueIdentifier>
    </Filter>
    <Filter Include="DKJEN\Shader">
      <UniqueIdentifier>{61686a07-e2a4-4683-aa1c-603124a76e42}</UniqueIdentifier>
    </Filter>
  </ItemGroup>
  <ItemGroup>
    <ClCompile Include="main.cpp">
      <Filter>ソース ファイル</Filter>
    </ClCompile>
    <ClCompile Include="DKJEN\Math\Math.cpp">
      <Filter>DKJEN\Math</Filter>
    </ClCompile>
    <ClCompile Include="DKJEN\Base\DxCommon.cpp">
      <Filter>DKJEN\Base\Dx</Filter>
    </ClCompile>
    <ClCompile Include="DKJEN\Base\Log.cpp">
      <Filter>DKJEN\Base\Log</Filter>
    </ClCompile>
    <ClCompile Include="DKJEN\Base\WinApp.cpp">
      <Filter>DKJEN\Base\Win</Filter>
    </ClCompile>
    <ClCompile Include="DKJEN\Base\TexturePSO.cpp">
      <Filter>DKJEN\Base\PSO</Filter>
    </ClCompile>
    <ClCompile Include="DKJEN\Type\Polygon.cpp">
      <Filter>DKJEN\Type</Filter>
    </ClCompile>
    <ClCompile Include="DKJEN\externals\imgui\imgui.cpp">
      <Filter>imgui</Filter>
    </ClCompile>
    <ClCompile Include="DKJEN\externals\imgui\imgui_demo.cpp">
      <Filter>imgui</Filter>
    </ClCompile>
    <ClCompile Include="DKJEN\externals\imgui\imgui_draw.cpp">
      <Filter>imgui</Filter>
    </ClCompile>
    <ClCompile Include="DKJEN\externals\imgui\imgui_impl_dx12.cpp">
      <Filter>imgui</Filter>
    </ClCompile>
    <ClCompile Include="DKJEN\externals\imgui\imgui_impl_win32.cpp">
      <Filter>imgui</Filter>
    </ClCompile>
    <ClCompile Include="DKJEN\externals\imgui\imgui_widgets.cpp">
      <Filter>imgui</Filter>
    </ClCompile>
    <ClCompile Include="DKJEN\externals\imgui\imgui_tables.cpp">
      <Filter>imgui</Filter>
    </ClCompile>
    <ClCompile Include="DKJEN\Imgui\imguiManager.cpp">
      <Filter>DKJEN\Imgui</Filter>
    </ClCompile>
    <ClCompile Include="DKJEN\Type\Texture.cpp">
      <Filter>DKJEN\Type</Filter>
    </ClCompile>
    <ClCompile Include="DKJEN\Type\Camera.cpp">
      <Filter>DKJEN\Type</Filter>
    </ClCompile>
    <ClCompile Include="DKJEN\Type\Sprite.cpp">
      <Filter>DKJEN\Type</Filter>
    </ClCompile>
    <ClCompile Include="DKJEN\Base\ImageLoading.cpp">
      <Filter>DKJEN\Base\RoadTex</Filter>
    </ClCompile>
    <ClCompile Include="DKJEN\Shader\TextureCompileShader.cpp">
      <Filter>DKJEN\Shader</Filter>
    </ClCompile>
    <ClCompile Include="DKJEN\Base\PolygonPSO.cpp">
      <Filter>DKJEN\Base\PSO</Filter>
    </ClCompile>
    <ClCompile Include="DKJEN\Shader\PolygonCompileShader.cpp">
      <Filter>DKJEN\Shader</Filter>
    </ClCompile>
    <ClCompile Include="DKJEN\Base\SpritePSO.cpp">
      <Filter>DKJEN\Base\PSO</Filter>
    </ClCompile>
    <ClCompile Include="DKJEN\Shader\SpriteCompileShader.cpp">
      <Filter>DKJEN\Shader</Filter>
    </ClCompile>
    <ClCompile Include="DKJEN\Type\Sphere.cpp">
      <Filter>DKJEN\Type</Filter>
    </ClCompile>
    <ClCompile Include="DKJEN\Base\Function.cpp">
      <Filter>DKJEN\Base\Dx</Filter>
    </ClCompile>
    <ClCompile Include="DKJEN\Shader\LightCompileShader.cpp">
      <Filter>DKJEN\Shader</Filter>
    </ClCompile>
    <ClCompile Include="DKJEN\Base\LightPSO.cpp">
      <Filter>DKJEN\Base\PSO</Filter>
    </ClCompile>
  </ItemGroup>
  <ItemGroup>
    <Text Include=".editorconfig">
      <Filter>ソース ファイル</Filter>
    </Text>
    <Text Include="DKJEN\externals\imgui\LICENSE.txt">
      <Filter>imgui</Filter>
    </Text>
  </ItemGroup>
  <ItemGroup>
    <FxCompile Include="TextureObiject3d.VS.hlsl">
      <Filter>hlsl</Filter>
    </FxCompile>
    <FxCompile Include="TextureOdject3d.PS.hlsl">
      <Filter>hlsl</Filter>
    </FxCompile>
    <FxCompile Include="PolygonObiject3d.VS.hlsl">
      <Filter>hlsl</Filter>
    </FxCompile>
    <FxCompile Include="PolygonOdject3d.PS.hlsl">
      <Filter>hlsl</Filter>
    </FxCompile>
    <FxCompile Include="SpriteObiject2d.VS.hlsl">
      <Filter>hlsl</Filter>
    </FxCompile>
    <FxCompile Include="SpriteObiject2d.PS.hlsl">
      <Filter>hlsl</Filter>
    </FxCompile>
    <FxCompile Include="LightObject.PS.hlsl">
      <Filter>hlsl</Filter>
    </FxCompile>
    <FxCompile Include="LightObject.VS.hlsl">
      <Filter>hlsl</Filter>
    </FxCompile>
  </ItemGroup>
  <ItemGroup>
    <ClInclude Include="DKJEN\Math\Math.h">
      <Filter>DKJEN\Math</Filter>
    </ClInclude>
    <ClInclude Include="DKJEN\Base\DxCommon.h">
      <Filter>DKJEN\Base\Dx</Filter>
    </ClInclude>
    <ClInclude Include="DKJEN\Base\Log.h">
      <Filter>DKJEN\Base\Log</Filter>
    </ClInclude>
    <ClInclude Include="DKJEN\Base\WinApp.h">
      <Filter>DKJEN\Base\Win</Filter>
    </ClInclude>
    <ClInclude Include="DKJEN\Base\TexturePSO.h">
      <Filter>DKJEN\Base\PSO</Filter>
    </ClInclude>
    <ClInclude Include="DKJEN\Type\Polygon.h">
      <Filter>DKJEN\Type</Filter>
    </ClInclude>
    <ClInclude Include="DKJEN\externals\imgui\imconfig.h">
      <Filter>imgui</Filter>
    </ClInclude>
    <ClInclude Include="DKJEN\externals\imgui\imgui.h">
      <Filter>imgui</Filter>
    </ClInclude>
    <ClInclude Include="DKJEN\externals\imgui\imgui_impl_dx12.h">
      <Filter>imgui</Filter>
    </ClInclude>
    <ClInclude Include="DKJEN\externals\imgui\imgui_impl_win32.h">
      <Filter>imgui</Filter>
    </ClInclude>
    <ClInclude Include="DKJEN\externals\imgui\imgui_internal.h">
      <Filter>imgui</Filter>
    </ClInclude>
    <ClInclude Include="DKJEN\externals\imgui\imstb_rectpack.h">
      <Filter>imgui</Filter>
    </ClInclude>
    <ClInclude Include="DKJEN\externals\imgui\imstb_textedit.h">
      <Filter>imgui</Filter>
    </ClInclude>
    <ClInclude Include="DKJEN\externals\imgui\imstb_truetype.h">
      <Filter>imgui</Filter>
    </ClInclude>
    <ClInclude Include="DKJEN\Imgui\imguiManager.h">
      <Filter>DKJEN\Imgui</Filter>
    </ClInclude>
    <ClInclude Include="DKJEN\Type\Texture.h">
      <Filter>DKJEN\Type</Filter>
    </ClInclude>
    <ClInclude Include="DKJEN\Type\Camera.h">
      <Filter>DKJEN\Type</Filter>
    </ClInclude>
    <ClInclude Include="DKJEN\Type\Sprite.h">
      <Filter>DKJEN\Type</Filter>
    </ClInclude>
    <ClInclude Include="DKJEN\Base\ImageLoading.h">
      <Filter>DKJEN\Base\RoadTex</Filter>
    </ClInclude>
    <ClInclude Include="DKJEN\Shader\TextureCompileShader.h">
      <Filter>DKJEN\Shader</Filter>
    </ClInclude>
    <ClInclude Include="DKJEN\Base\PolygonPSO.h">
      <Filter>DKJEN\Base\PSO</Filter>
    </ClInclude>
    <ClInclude Include="DKJEN\Shader\PolygonCompileShader.h">
      <Filter>DKJEN\Shader</Filter>
    </ClInclude>
    <ClInclude Include="DKJEN\Base\SpritePSO.h">
      <Filter>DKJEN\Base\PSO</Filter>
    </ClInclude>
    <ClInclude Include="DKJEN\Shader\SpriteCompileShader.h">
      <Filter>DKJEN\Shader</Filter>
    </ClInclude>
    <ClInclude Include="DKJEN\Type\Sphere.h">
      <Filter>DKJEN\Type</Filter>
    </ClInclude>
    <ClInclude Include="DKJEN\Base\Function.h">
      <Filter>DKJEN\Base\Dx</Filter>
    </ClInclude>
    <ClInclude Include="DKJEN\Shader\LightCompileShader.h">
      <Filter>DKJEN\Shader</Filter>
    </ClInclude>
    <ClInclude Include="DKJEN\Base\LightPSO.h">
      <Filter>DKJEN\Base\PSO</Filter>
    </ClInclude>
  </ItemGroup>
  <ItemGroup>
    <None Include="Object3d.hlsli">
      <Filter>hlsl</Filter>
    </None>
  </ItemGroup>
</Project>